# THIS IS AN AUTOGENERATED FILE. DO NOT EDIT THIS FILE DIRECTLY.
# yarn lockfile v1


"@playwright/test@^1.27.0":
  version "1.27.1"
  resolved "https://registry.yarnpkg.com/@playwright/test/-/test-1.27.1.tgz#9364d1e02021261211c8ff586d903faa79ce95c4"
  integrity sha512-mrL2q0an/7tVqniQQF6RBL2saskjljXzqNcCOVMUjRIgE6Y38nCNaP+Dc2FBW06bcpD3tqIws/HT9qiMHbNU0A==
  dependencies:
    "@types/node" "*"
    playwright-core "1.27.1"

"@types/node@*":
  version "18.7.11"
  resolved "https://registry.npmjs.org/@types/node/-/node-18.7.11.tgz#486e72cfccde88da24e1f23ff1b7d8bfb64e6250"
  integrity sha512-KZhFpSLlmK/sdocfSAjqPETTMd0ug6HIMIAwkwUpU79olnZdQtMxpQP+G1wDzCH7na+FltSIhbaZuKdwZ8RDrw==

playwright-core@1.27.1:
  version "1.27.1"
  resolved "https://registry.yarnpkg.com/playwright-core/-/playwright-core-1.27.1.tgz#840ef662e55a3ed759d8b5d3d00a5f885a7184f4"
  integrity sha512-9EmeXDncC2Pmp/z+teoVYlvmPWUC6ejSSYZUln7YaP89Z6lpAaiaAnqroUt/BoLo8tn7WYShcfaCh+xofZa44Q==

playwright@^1.27.0:
  version "1.27.1"
  resolved "https://registry.yarnpkg.com/playwright/-/playwright-1.27.1.tgz#4eecac5899566c589d4220ca8acc16abe8a67450"
  integrity sha512-xXYZ7m36yTtC+oFgqH0eTgullGztKSRMb4yuwLPl8IYSmgBM88QiB+3IWb1mRIC9/NNwcgbG0RwtFlg+EAFQHQ==
  dependencies:
    playwright-core "1.27.1"
