{
  "name": "postcat-e2e",
  "version": "1.0.0",
  "lockfileVersion": 2,
  "requires": true,
  "packages": {
    "": {
      "name": "postcat-e2e",
      "version": "1.0.0",
      "license": "MIT",
      "dependencies": {
        "ark-pkg": "0.5.4"
      },
      "devDependencies": {
        "@playwright/test": "^1.31.2",
        "playwright": "^1.31.1"
      }
    },
    "node_modules/@lukeed/csprng": {
      "version": "1.0.1",
      "resolved": "https://registry.npmmirror.com/@lukeed/csprng/-/csprng-1.0.1.tgz",
      "integrity": "sha512-uSvJdwQU5nK+Vdf6zxcWAY2A8r7uqe+gePwLWzJ+fsQehq18pc0I2hJKwypZ2aLM90+Er9u1xn4iLJPZ+xlL4g==",
      "license": "MIT",
      "engines": {
        "node": ">=8"
      }
    },
    "node_modules/@playwright/test": {
      "version": "1.31.2",
      "resolved": "https://registry.npmmirror.com/@playwright/test/-/test-1.31.2.tgz",
      "integrity": "sha512-BYVutxDI4JeZKV1+ups6dt5WiqKhjBtIYowyZIJ3kBDmJgsuPKsqqKNIMFbUePLSCmp2cZu+BDL427RcNKTRYw==",
      "dev": true,
      "dependencies": {
        "@types/node": "*",
        "playwright-core": "1.31.2"
      },
      "bin": {
        "playwright": "cli.js"
      },
      "engines": {
        "node": ">=14"
      },
      "optionalDependencies": {
        "fsevents": "2.3.2"
      }
    },
    "node_modules/@types/node": {
      "version": "18.7.11",
      "resolved": "https://registry.npmmirror.com/@types/node/-/node-18.7.11.tgz",
      "integrity": "sha512-KZhFpSLlmK/sdocfSAjqPETTMd0ug6HIMIAwkwUpU79olnZdQtMxpQP+G1wDzCH7na+FltSIhbaZuKdwZ8RDrw==",
      "dev": true
    },
    "node_modules/ark-pkg": {
      "version": "0.5.4",
      "resolved": "https://registry.npmmirror.com/ark-pkg/-/ark-pkg-0.5.4.tgz",
      "integrity": "sha512-h9mxAPJ+bt+H0gtoV7gtUxCgXss8qzuhBsNYBGlSDeIsQnWwQCy61THoMQvhIWLat2A/Meb/JM7cdaSibqN+5g==",
      "dependencies": {
        "colors": "^1.4.0",
        "commander": "^9.4.0",
        "figlet": "^1.5.2",
        "js-md5": "^0.7.3",
        "lodash": "^4.17.21",
        "prettier": "^2.7.1",
        "uid": "^2.0.0"
      },
      "bin": {
        "ark": "index.js"
      },
      "engines": {
        "node": ">=12.0.0"
      }
    },
    "node_modules/colors": {
      "version": "1.4.0",
      "resolved": "https://registry.npmmirror.com/colors/-/colors-1.4.0.tgz",
      "integrity": "sha512-a+UqTh4kgZg/SlGvfbzDHpgRu7AAQOmmqRHJnxhRZICKFUT91brVhNNt58CMWU9PsBbv3PDCZUHbVxuDiH2mtA==",
      "license": "MIT",
      "engines": {
        "node": ">=0.1.90"
      }
    },
    "node_modules/commander": {
      "version": "9.5.0",
      "resolved": "https://registry.npmmirror.com/commander/-/commander-9.5.0.tgz",
      "integrity": "sha512-KRs7WVDKg86PWiuAqhDrAQnTXZKraVcCc6vFdL14qrZ/DcWwuRo7VoiYXalXO7S5GKpqYiVEwCbgFDfxNHKJBQ==",
      "license": "MIT",
      "engines": {
        "node": "^12.20.0 || >=14"
      }
    },
    "node_modules/figlet": {
      "version": "1.5.2",
      "resolved": "https://registry.npmmirror.com/figlet/-/figlet-1.5.2.tgz",
      "integrity": "sha512-WOn21V8AhyE1QqVfPIVxe3tupJacq1xGkPTB4iagT6o+P2cAgEOOwIxMftr4+ZCTI6d551ij9j61DFr0nsP2uQ==",
      "license": "MIT",
      "engines": {
        "node": ">= 0.4.0"
      }
    },
    "node_modules/fsevents": {
      "version": "2.3.2",
      "resolved": "https://registry.npmmirror.com/fsevents/-/fsevents-2.3.2.tgz",
      "integrity": "sha512-xiqMQR4xAeHTuB9uWm+fFRcIOgKBMiOBP+eXiyT7jsgVCq1bkVygt00oASowB7EdtpOHaaPgKt812P9ab+DDKA==",
      "dev": true,
      "hasInstallScript": true,
      "optional": true,
      "os": [
        "darwin"
      ],
      "engines": {
        "node": "^8.16.0 || ^10.6.0 || >=11.0.0"
      }
    },
    "node_modules/js-md5": {
      "version": "0.7.3",
      "resolved": "https://registry.npmmirror.com/js-md5/-/js-md5-0.7.3.tgz",
      "integrity": "sha512-ZC41vPSTLKGwIRjqDh8DfXoCrdQIyBgspJVPXHBGu4nZlAEvG3nf+jO9avM9RmLiGakg7vz974ms99nEV0tmTQ==",
      "license": "MIT"
    },
    "node_modules/lodash": {
      "version": "4.17.21",
      "resolved": "https://registry.npmmirror.com/lodash/-/lodash-4.17.21.tgz",
      "integrity": "sha512-v2kDEe57lecTulaDIuNTPy3Ry4gLGJ6Z1O3vE1krgXZNrsQ+LFTGHVxVjcXPs17LhbZVGedAJv8XZ1tvj5FvSg==",
      "license": "MIT"
    },
    "node_modules/playwright": {
      "version": "1.31.2",
      "resolved": "https://registry.npmmirror.com/playwright/-/playwright-1.31.2.tgz",
      "integrity": "sha512-jpC47n2PKQNtzB7clmBuWh6ftBRS/Bt5EGLigJ9k2QAKcNeYXZkEaDH5gmvb6+AbcE0DO6GnXdbl9ogG6Eh+og==",
      "dev": true,
      "hasInstallScript": true,
      "dependencies": {
        "playwright-core": "1.31.2"
      },
      "bin": {
        "playwright": "cli.js"
      },
      "engines": {
        "node": ">=14"
      }
    },
    "node_modules/playwright-core": {
      "version": "1.31.2",
      "resolved": "https://registry.npmmirror.com/playwright-core/-/playwright-core-1.31.2.tgz",
      "integrity": "sha512-a1dFgCNQw4vCsG7bnojZjDnPewZcw7tZUNFN0ZkcLYKj+mPmXvg4MpaaKZ5SgqPsOmqIf2YsVRkgqiRDxD+fDQ==",
      "dev": true,
      "bin": {
        "playwright": "cli.js"
      },
      "engines": {
        "node": ">=14"
      }
    },
    "node_modules/prettier": {
      "version": "2.8.2",
      "resolved": "https://registry.npmmirror.com/prettier/-/prettier-2.8.2.tgz",
      "integrity": "sha512-BtRV9BcncDyI2tsuS19zzhzoxD8Dh8LiCx7j7tHzrkz8GFXAexeWFdi22mjE1d16dftH2qNaytVxqiRTGlMfpw==",
      "license": "MIT",
      "bin": {
        "prettier": "bin-prettier.js"
      },
      "engines": {
        "node": ">=10.13.0"
      },
      "funding": {
        "url": "https://github.com/prettier/prettier?sponsor=1"
      }
    },
    "node_modules/uid": {
      "version": "2.0.1",
      "resolved": "https://registry.npmmirror.com/uid/-/uid-2.0.1.tgz",
      "integrity": "sha512-PF+1AnZgycpAIEmNtjxGBVmKbZAQguaa4pBUq6KNaGEcpzZ2klCNZLM34tsjp76maN00TttiiUf6zkIBpJQm2A==",
      "license": "MIT",
      "dependencies": {
        "@lukeed/csprng": "^1.0.0"
      },
      "engines": {
        "node": ">=8"
      }
    }
  },
  "dependencies": {
    "@lukeed/csprng": {
      "version": "1.0.1",
      "resolved": "https://registry.npmmirror.com/@lukeed/csprng/-/csprng-1.0.1.tgz",
      "integrity": "sha512-uSvJdwQU5nK+Vdf6zxcWAY2A8r7uqe+gePwLWzJ+fsQehq18pc0I2hJKwypZ2aLM90+Er9u1xn4iLJPZ+xlL4g=="
    },
    "@playwright/test": {
      "version": "1.31.2",
      "resolved": "https://registry.npmmirror.com/@playwright/test/-/test-1.31.2.tgz",
      "integrity": "sha512-BYVutxDI4JeZKV1+ups6dt5WiqKhjBtIYowyZIJ3kBDmJgsuPKsqqKNIMFbUePLSCmp2cZu+BDL427RcNKTRYw==",
      "dev": true,
      "requires": {
        "@types/node": "*",
        "fsevents": "2.3.2",
        "playwright-core": "1.31.2"
      }
    },
    "@types/node": {
      "version": "18.7.11",
      "resolved": "https://registry.npmmirror.com/@types/node/-/node-18.7.11.tgz",
      "integrity": "sha512-KZhFpSLlmK/sdocfSAjqPETTMd0ug6HIMIAwkwUpU79olnZdQtMxpQP+G1wDzCH7na+FltSIhbaZuKdwZ8RDrw==",
      "dev": true
    },
    "ark-pkg": {
      "version": "0.5.4",
      "resolved": "https://registry.npmmirror.com/ark-pkg/-/ark-pkg-0.5.4.tgz",
      "integrity": "sha512-h9mxAPJ+bt+H0gtoV7gtUxCgXss8qzuhBsNYBGlSDeIsQnWwQCy61THoMQvhIWLat2A/Meb/JM7cdaSibqN+5g==",
      "requires": {
        "colors": "^1.4.0",
        "commander": "^9.4.0",
        "figlet": "^1.5.2",
        "js-md5": "^0.7.3",
        "lodash": "^4.17.21",
        "prettier": "^2.7.1",
        "uid": "^2.0.0"
      }
    },
    "colors": {
      "version": "1.4.0",
      "resolved": "https://registry.npmmirror.com/colors/-/colors-1.4.0.tgz",
      "integrity": "sha512-a+UqTh4kgZg/SlGvfbzDHpgRu7AAQOmmqRHJnxhRZICKFUT91brVhNNt58CMWU9PsBbv3PDCZUHbVxuDiH2mtA=="
    },
    "commander": {
      "version": "9.5.0",
      "resolved": "https://registry.npmmirror.com/commander/-/commander-9.5.0.tgz",
      "integrity": "sha512-KRs7WVDKg86PWiuAqhDrAQnTXZKraVcCc6vFdL14qrZ/DcWwuRo7VoiYXalXO7S5GKpqYiVEwCbgFDfxNHKJBQ=="
    },
    "figlet": {
      "version": "1.5.2",
      "resolved": "https://registry.npmmirror.com/figlet/-/figlet-1.5.2.tgz",
      "integrity": "sha512-WOn21V8AhyE1QqVfPIVxe3tupJacq1xGkPTB4iagT6o+P2cAgEOOwIxMftr4+ZCTI6d551ij9j61DFr0nsP2uQ=="
    },
    "fsevents": {
      "version": "2.3.2",
      "resolved": "https://registry.npmmirror.com/fsevents/-/fsevents-2.3.2.tgz",
      "integrity": "sha512-xiqMQR4xAeHTuB9uWm+fFRcIOgKBMiOBP+eXiyT7jsgVCq1bkVygt00oASowB7EdtpOHaaPgKt812P9ab+DDKA==",
      "dev": true,
      "optional": true
    },
    "js-md5": {
      "version": "0.7.3",
      "resolved": "https://registry.npmmirror.com/js-md5/-/js-md5-0.7.3.tgz",
      "integrity": "sha512-ZC41vPSTLKGwIRjqDh8DfXoCrdQIyBgspJVPXHBGu4nZlAEvG3nf+jO9avM9RmLiGakg7vz974ms99nEV0tmTQ=="
    },
    "lodash": {
      "version": "4.17.21",
      "resolved": "https://registry.npmmirror.com/lodash/-/lodash-4.17.21.tgz",
      "integrity": "sha512-v2kDEe57lecTulaDIuNTPy3Ry4gLGJ6Z1O3vE1krgXZNrsQ+LFTGHVxVjcXPs17LhbZVGedAJv8XZ1tvj5FvSg=="
    },
    "playwright": {
      "version": "1.31.2",
      "resolved": "https://registry.npmmirror.com/playwright/-/playwright-1.31.2.tgz",
      "integrity": "sha512-jpC47n2PKQNtzB7clmBuWh6ftBRS/Bt5EGLigJ9k2QAKcNeYXZkEaDH5gmvb6+AbcE0DO6GnXdbl9ogG6Eh+og==",
      "dev": true,
      "requires": {
        "playwright-core": "1.31.2"
      }
    },
    "playwright-core": {
      "version": "1.31.2",
      "resolved": "https://registry.npmmirror.com/playwright-core/-/playwright-core-1.31.2.tgz",
      "integrity": "sha512-a1dFgCNQw4vCsG7bnojZjDnPewZcw7tZUNFN0ZkcLYKj+mPmXvg4MpaaKZ5SgqPsOmqIf2YsVRkgqiRDxD+fDQ==",
      "dev": true
    },
    "prettier": {
      "version": "2.8.2",
      "resolved": "https://registry.npmmirror.com/prettier/-/prettier-2.8.2.tgz",
      "integrity": "sha512-BtRV9BcncDyI2tsuS19zzhzoxD8Dh8LiCx7j7tHzrkz8GFXAexeWFdi22mjE1d16dftH2qNaytVxqiRTGlMfpw=="
    },
    "uid": {
      "version": "2.0.1",
      "resolved": "https://registry.npmmirror.com/uid/-/uid-2.0.1.tgz",
      "integrity": "sha512-PF+1AnZgycpAIEmNtjxGBVmKbZAQguaa4pBUq6KNaGEcpzZ2klCNZLM34tsjp76maN00TttiiUf6zkIBpJQm2A==",
      "requires": {
        "@lukeed/csprng": "^1.0.0"
      }
    }
  }
}
