# THIS IS AN AUTOGENERATED FILE. DO NOT EDIT THIS FILE DIRECTLY.
# yarn lockfile v1


"@playwright/test@^1.32.1":
  version "1.32.1"
  resolved "https://registry.npmmirror.com/@playwright/test/-/test-1.32.1.tgz#749c9791adb048c266277a39ba0f7e33fe593ffe"
  integrity sha512-FTwjCuhlm1qHUGf4hWjfr64UMJD/z0hXYbk+O387Ioe6WdyZQ+0TBDAc6P+pHjx2xCv1VYNgrKbYrNixFWy4Dg==
  dependencies:
    "@types/node" "*"
    playwright-core "1.32.1"
  optionalDependencies:
    fsevents "2.3.2"

"@types/node@*":
  version "18.15.11"
  resolved "https://registry.npmmirror.com/@types/node/-/node-18.15.11.tgz#b3b790f09cb1696cffcec605de025b088fa4225f"
  integrity sha512-E5Kwq2n4SbMzQOn6wnmBjuK9ouqlURrcZDVfbo9ftDDTFt3nk7ZKK4GMOzoYgnpQJKcxwQw+lGaBvvlMo0qN/Q==

fsevents@2.3.2:
  version "2.3.2"
  resolved "https://registry.npmmirror.com/fsevents/-/fsevents-2.3.2.tgz#8a526f78b8fdf4623b709e0b975c52c24c02fd1a"
  integrity sha512-xiqMQR4xAeHTuB9uWm+fFRcIOgKBMiOBP+eXiyT7jsgVCq1bkVygt00oASowB7EdtpOHaaPgKt812P9ab+DDKA==

playwright-core@1.32.1:
  version "1.32.1"
  resolved "https://registry.npmmirror.com/playwright-core/-/playwright-core-1.32.1.tgz#5a10c32403323b07d75ea428ebeed866a80b76a1"
  integrity sha512-KZYUQC10mXD2Am1rGlidaalNGYk3LU1vZqqNk0gT4XPty1jOqgup8KDP8l2CUlqoNKhXM5IfGjWgW37xvGllBA==

playwright@^1.32.1:
  version "1.32.1"
  resolved "https://registry.npmmirror.com/playwright/-/playwright-1.32.1.tgz#c48195850740fbdbd7702f37e5a891b13259f689"
  integrity sha512-GnEizysWMvoqHC3I9l8+4/ZxeLwLNdJJG76xdKGxzOcIZDcw5RSk/FKrFb5CuA+zcLpjIM2p9eR9Z4CuUDkWXg==
  dependencies:
    playwright-core "1.32.1"
