# THIS IS AN AUTOGENERATED FILE. DO NOT EDIT THIS FILE DIRECTLY.
# yarn lockfile v1


"@lukeed/csprng@^1.0.0":
  version "1.0.1"
  resolved "https://registry.npmmirror.com/@lukeed/csprng/-/csprng-1.0.1.tgz#625e93a0edb2c830e3c52ce2d67b9d53377c6a66"
  integrity sha512-uSvJdwQU5nK+Vdf6zxcWAY2A8r7uqe+gePwLWzJ+fsQehq18pc0I2hJKwypZ2aLM90+Er9u1xn4iLJPZ+xlL4g==

"@playwright/test@^1.27.0":
  version "1.27.1"
  resolved "https://registry.yarnpkg.com/@playwright/test/-/test-1.27.1.tgz#9364d1e02021261211c8ff586d903faa79ce95c4"
  integrity sha512-mrL2q0an/7tVqniQQF6RBL2saskjljXzqNcCOVMUjRIgE6Y38nCNaP+Dc2FBW06bcpD3tqIws/HT9qiMHbNU0A==
  dependencies:
    "@types/node" "*"
    playwright-core "1.27.1"

"@types/node@*":
  version "18.7.11"
  resolved "https://registry.npmjs.org/@types/node/-/node-18.7.11.tgz#486e72cfccde88da24e1f23ff1b7d8bfb64e6250"
  integrity sha512-KZhFpSLlmK/sdocfSAjqPETTMd0ug6HIMIAwkwUpU79olnZdQtMxpQP+G1wDzCH7na+FltSIhbaZuKdwZ8RDrw==

ark-pkg@0.5.1:
  version "0.5.1"
  resolved "https://registry.npmmirror.com/ark-pkg/-/ark-pkg-0.5.1.tgz#4690d6d8cf9053f8a55339a22b6ba0b7885baff4"
  integrity sha512-lDyI6jq9b/gHrkSAXlnUL8hAvNRX8pUZVyxxaBQ7TKXQx1Os3AwwSzYHZY9USbSeTe5RwGbb67wOZ/X1o/T/Ng==
  dependencies:
    uid "^2.0.0"
    colors "^1.4.0"
    commander "^9.4.0"
    figlet "^1.5.2"
    js-md5 "^0.7.3"
    lodash "^4.17.21"
    prettier "^2.7.1"

colors@^1.4.0:
  version "1.4.0"
  resolved "https://registry.npmmirror.com/colors/-/colors-1.4.0.tgz#c50491479d4c1bdaed2c9ced32cf7c7dc2360f78"
  integrity sha512-a+UqTh4kgZg/SlGvfbzDHpgRu7AAQOmmqRHJnxhRZICKFUT91brVhNNt58CMWU9PsBbv3PDCZUHbVxuDiH2mtA==

commander@^9.4.0:
  version "9.5.0"
  resolved "https://registry.npmmirror.com/commander/-/commander-9.5.0.tgz#bc08d1eb5cedf7ccb797a96199d41c7bc3e60d30"
  integrity sha512-KRs7WVDKg86PWiuAqhDrAQnTXZKraVcCc6vFdL14qrZ/DcWwuRo7VoiYXalXO7S5GKpqYiVEwCbgFDfxNHKJBQ==

figlet@^1.5.2:
  version "1.5.2"
  resolved "https://registry.npmmirror.com/figlet/-/figlet-1.5.2.tgz#dda34ff233c9a48e36fcff6741aeb5bafe49b634"
  integrity sha512-WOn21V8AhyE1QqVfPIVxe3tupJacq1xGkPTB4iagT6o+P2cAgEOOwIxMftr4+ZCTI6d551ij9j61DFr0nsP2uQ==

js-md5@^0.7.3:
  version "0.7.3"
  resolved "https://registry.npmmirror.com/js-md5/-/js-md5-0.7.3.tgz#b4f2fbb0b327455f598d6727e38ec272cd09c3f2"
  integrity sha512-ZC41vPSTLKGwIRjqDh8DfXoCrdQIyBgspJVPXHBGu4nZlAEvG3nf+jO9avM9RmLiGakg7vz974ms99nEV0tmTQ==

lodash@^4.17.21:
  version "4.17.21"
  resolved "https://registry.npmmirror.com/lodash/-/lodash-4.17.21.tgz#679591c564c3bffaae8454cf0b3df370c3d6911c"
  integrity sha512-v2kDEe57lecTulaDIuNTPy3Ry4gLGJ6Z1O3vE1krgXZNrsQ+LFTGHVxVjcXPs17LhbZVGedAJv8XZ1tvj5FvSg==

playwright-core@1.27.1:
  version "1.27.1"
  resolved "https://registry.yarnpkg.com/playwright-core/-/playwright-core-1.27.1.tgz#840ef662e55a3ed759d8b5d3d00a5f885a7184f4"
  integrity sha512-9EmeXDncC2Pmp/z+teoVYlvmPWUC6ejSSYZUln7YaP89Z6lpAaiaAnqroUt/BoLo8tn7WYShcfaCh+xofZa44Q==

playwright@^1.27.0:
  version "1.27.1"
  resolved "https://registry.yarnpkg.com/playwright/-/playwright-1.27.1.tgz#4eecac5899566c589d4220ca8acc16abe8a67450"
  integrity sha512-xXYZ7m36yTtC+oFgqH0eTgullGztKSRMb4yuwLPl8IYSmgBM88QiB+3IWb1mRIC9/NNwcgbG0RwtFlg+EAFQHQ==
  dependencies:
    playwright-core "1.27.1"

prettier@^2.7.1:
  version "2.8.2"
  resolved "https://registry.npmmirror.com/prettier/-/prettier-2.8.2.tgz#c4ea1b5b454d7c4b59966db2e06ed7eec5dfd160"
  integrity sha512-BtRV9BcncDyI2tsuS19zzhzoxD8Dh8LiCx7j7tHzrkz8GFXAexeWFdi22mjE1d16dftH2qNaytVxqiRTGlMfpw==

uid@^2.0.0:
  version "2.0.1"
  resolved "https://registry.npmmirror.com/uid/-/uid-2.0.1.tgz#a3f57c962828ea65256cd622fc363028cdf4526b"
  integrity sha512-PF+1AnZgycpAIEmNtjxGBVmKbZAQguaa4pBUq6KNaGEcpzZ2klCNZLM34tsjp76maN00TttiiUf6zkIBpJQm2A==
  dependencies:
    "@lukeed/csprng" "^1.0.0"
